// !$*UTF8*$!
{
	archiveVersion = 1;
	classes = {
	};
	objectVersion = 48;
	objects = {

/* Begin PBXBuildFile section */
		BBEC970C1F1CC30900E4516E /* AppDelegate.swift in Sources */ = {isa = PBXBuildFile; fileRef = BBEC970B1F1CC30900E4516E /* AppDelegate.swift */; };
		BBEC970E1F1CC30900E4516E /* ViewController.swift in Sources */ = {isa = PBXBuildFile; fileRef = BBEC970D1F1CC30900E4516E /* ViewController.swift */; };
		BBEC97111F1CC30A00E4516E /* Main.storyboard in Resources */ = {isa = PBXBuildFile; fileRef = BBEC970F1F1CC30A00E4516E /* Main.storyboard */; };
		BBEC97131F1CC30A00E4516E /* Assets.xcassets in Resources */ = {isa = PBXBuildFile; fileRef = BBEC97121F1CC30A00E4516E /* Assets.xcassets */; };
		BBEC97161F1CC30A00E4516E /* LaunchScreen.storyboard in Resources */ = {isa = PBXBuildFile; fileRef = BBEC97141F1CC30A00E4516E /* LaunchScreen.storyboard */; };
/* End PBXBuildFile section */

/* Begin PBXFileReference section */
		BBEC97081F1CC30900E4516E /* Congés PROXYM group.app */ = {isa = PBXFileReference; explicitFileType = wrapper.application; includeInIndex = 0; path = "Congés PROXYM group.app"; sourceTree = BUILT_PRODUCTS_DIR; };
		BBEC970B1F1CC30900E4516E /* AppDelegate.swift */ = {isa = PBXFileReference; lastKnownFileType = sourcecode.swift; path = AppDelegate.swift; sourceTree = "<group>"; };
		BBEC970D1F1CC30900E4516E /* ViewController.swift */ = {isa = PBXFileReference; lastKnownFileType = sourcecode.swift; path = ViewController.swift; sourceTree = "<group>"; };
		BBEC97101F1CC30A00E4516E /* Base */ = {isa = PBXFileReference; lastKnownFileType = file.storyboard; name = Base; path = Base.lproj/Main.storyboard; sourceTree = "<group>"; };
		BBEC97121F1CC30A00E4516E /* Assets.xcassets */ = {isa = PBXFileReference; lastKnownFileType = folder.assetcatalog; path = Assets.xcassets; sourceTree = "<group>"; };
		BBEC97151F1CC30A00E4516E /* Base */ = {isa = PBXFileReference; lastKnownFileType = file.storyboard; name = Base; path = Base.lproj/LaunchScreen.storyboard; sourceTree = "<group>"; };
		BBEC97171F1CC30A00E4516E /* Info.plist */ = {isa = PBXFileReference; lastKnownFileType = text.plist.xml; path = Info.plist; sourceTree = "<group>"; };
/* End PBXFileReference section */

/* Begin PBXFrameworksBuildPhase section */
		BBEC97051F1CC30900E4516E /* Frameworks */ = {
			isa = PBXFrameworksBuildPhase;
			buildActionMask = 2147483647;
			files = (
			);
			runOnlyForDeploymentPostprocessing = 0;
		};
/* End PBXFrameworksBuildPhase section */

/* Begin PBXGroup section */
		BBEC96FF1F1CC30800E4516E = {
			isa = PBXGroup;
			children = (
				BBEC970A1F1CC30900E4516E /* Congés PROXYM group */,
				BBEC97091F1CC30900E4516E /* Products */,
			);
			sourceTree = "<group>";
		};
		BBEC97091F1CC30900E4516E /* Products */ = {
			isa = PBXGroup;
			children = (
				BBEC97081F1CC30900E4516E /* Congés PROXYM group.app */,
			);
			name = Products;
			sourceTree = "<group>";
		};
		BBEC970A1F1CC30900E4516E /* Congés PROXYM group */ = {
			isa = PBXGroup;
			children = (
				BBEC970B1F1CC30900E4516E /* AppDelegate.swift */,
				BBEC970D1F1CC30900E4516E /* ViewController.swift */,
				BBEC970F1F1CC30A00E4516E /* Main.storyboard */,
				BBEC97121F1CC30A00E4516E /* Assets.xcassets */,
				BBEC97141F1CC30A00E4516E /* LaunchScreen.storyboard */,
				BBEC97171F1CC30A00E4516E /* Info.plist */,
			);
			path = "Congés PROXYM group";
			sourceTree = "<group>";
		};
/* End PBXGroup section */

/* Begin PBXNativeTarget section */
		BBEC97071F1CC30900E4516E /* Congés PROXYM group */ = {
			isa = PBXNativeTarget;
			buildConfigurationList = BBEC971A1F1CC30A00E4516E /* Build configuration list for PBXNativeTarget "Congés PROXYM group" */;
			buildPhases = (
				BBEC97041F1CC30900E4516E /* Sources */,
				BBEC97051F1CC30900E4516E /* Frameworks */,
				BBEC97061F1CC30900E4516E /* Resources */,
			);
			buildRules = (
			);
			dependencies = (
			);
			name = "Congés PROXYM group";
			productName = "Congés PROXYM group";
			productReference = BBEC97081F1CC30900E4516E /* Congés PROXYM group.app */;
			productType = "com.apple.product-type.application";
		};
/* End PBXNativeTarget section */

/* Begin PBXProject section */
		BBEC97001F1CC30800E4516E /* Project object */ = {
			isa = PBXProject;
			attributes = {
				LastSwiftUpdateCheck = 0900;
				LastUpgradeCheck = 0900;
				ORGANIZATIONNAME = Hamza;
				TargetAttributes = {
					BBEC97071F1CC30900E4516E = {
						CreatedOnToolsVersion = 9.0;
					};
				};
			};
			buildConfigurationList = BBEC97031F1CC30800E4516E /* Build configuration list for PBXProject "Congés PROXYM group" */;
			compatibilityVersion = "Xcode 8.0";
			developmentRegion = en;
			hasScannedForEncodings = 0;
			knownRegions = (
				en,
				Base,
			);
			mainGroup = BBEC96FF1F1CC30800E4516E;
			productRefGroup = BBEC97091F1CC30900E4516E /* Products */;
			projectDirPath = "";
			projectRoot = "";
			targets = (
				BBEC97071F1CC30900E4516E /* Congés PROXYM group */,
			);
		};
/* End PBXProject section */

/* Begin PBXResourcesBuildPhase section */
		BBEC97061F1CC30900E4516E /* Resources */ = {
			isa = PBXResourcesBuildPhase;
			buildActionMask = 2147483647;
			files = (
				BBEC97161F1CC30A00E4516E /* LaunchScreen.storyboard in Resources */,
				BBEC97131F1CC30A00E4516E /* Assets.xcassets in Resources */,
				BBEC97111F1CC30A00E4516E /* Main.storyboard in Resources */,
			);
			runOnlyForDeploymentPostprocessing = 0;
		};
/* End PBXResourcesBuildPhase section */

/* Begin PBXSourcesBuildPhase section */
		BBEC97041F1CC30900E4516E /* Sources */ = {
			isa = PBXSourcesBuildPhase;
			buildActionMask = 2147483647;
			files = (
				BBEC970E1F1CC30900E4516E /* ViewController.swift in Sources */,
				BBEC970C1F1CC30900E4516E /* AppDelegate.swift in Sources */,
			);
			runOnlyForDeploymentPostprocessing = 0;
		};
/* End PBXSourcesBuildPhase section */

/* Begin PBXVariantGroup section */
		BBEC970F1F1CC30A00E4516E /* Main.storyboard */ = {
			isa = PBXVariantGroup;
			children = (
				BBEC97101F1CC30A00E4516E /* Base */,
			);
			name = Main.storyboard;
			sourceTree = "<group>";
		};
		BBEC97141F1CC30A00E4516E /* LaunchScreen.storyboard */ = {
			isa = PBXVariantGroup;
			children = (
				BBEC97151F1CC30A00E4516E /* Base */,
			);
			name = LaunchScreen.storyboard;
			sourceTree = "<group>";
		};
/* End PBXVariantGroup section */

/* Begin XCBuildConfiguration section */
		BBEC97181F1CC30A00E4516E /* Debug */ = {
			isa = XCBuildConfiguration;
			buildSettings = {
				ALWAYS_SEARCH_USER_PATHS = NO;
				CLANG_ANALYZER_NONNULL = YES;
				CLANG_ANALYZER_NUMBER_OBJECT_CONVERSION = YES_AGGRESSIVE;
				CLANG_CXX_LANGUAGE_STANDARD = "gnu++14";
				CLANG_CXX_LIBRARY = "libc++";
				CLANG_ENABLE_MODULES = YES;
				CLANG_ENABLE_OBJC_ARC = YES;
				CLANG_WARN_BLOCK_CAPTURE_AUTORELEASING = YES;
				CLANG_WARN_BOOL_CONVERSION = YES;
				CLANG_WARN_COMMA = YES;
				CLANG_WARN_CONSTANT_CONVERSION = YES;
				CLANG_WARN_DIRECT_OBJC_ISA_USAGE = YES_ERROR;
				CLANG_WARN_DOCUMENTATION_COMMENTS = YES;
				CLANG_WARN_EMPTY_BODY = YES;
				CLANG_WARN_ENUM_CONVERSION = YES;
				CLANG_WARN_INFINITE_RECURSION = YES;
				CLANG_WARN_INT_CONVERSION = YES;
				CLANG_WARN_NON_LITERAL_NULL_CONVERSION = YES;
				CLANG_WARN_OBJC_LITERAL_CONVERSION = YES;
				CLANG_WARN_OBJC_ROOT_CLASS = YES_ERROR;
				CLANG_WARN_RANGE_LOOP_ANALYSIS = YES;
				CLANG_WARN_STRICT_PROTOTYPES = YES;
				CLANG_WARN_SUSPICIOUS_MOVE = YES;
				CLANG_WARN_UNGUARDED_AVAILABILITY = YES_AGGRESSIVE;
				CLANG_WARN_UNREACHABLE_CODE = YES;
				CLANG_WARN__DUPLICATE_METHOD_MATCH = YES;
				CODE_SIGN_IDENTITY = "iPhone Developer";
				COPY_PHASE_STRIP = NO;
				DEBUG_INFORMATION_FORMAT = dwarf;
				ENABLE_STRICT_OBJC_MSGSEND = YES;
				ENABLE_TESTABILITY = YES;
				GCC_C_LANGUAGE_STANDARD = gnu11;
				GCC_DYNAMIC_NO_PIC = NO;
				GCC_NO_COMMON_BLOCKS = YES;
				GCC_OPTIMIZATION_LEVEL = 0;
				GCC_PREPROCESSOR_DEFINITIONS = (
					"DEBUG=1",
					"$(inherited)",
				);
				GCC_WARN_64_TO_32_BIT_CONVERSION = YES;
				GCC_WARN_ABOUT_RETURN_TYPE = YES_ERROR;
				GCC_WARN_UNDECLARED_SELECTOR = YES;
				GCC_WARN_UNINITIALIZED_AUTOS = YES_AGGRESSIVE;
				GCC_WARN_UNUSED_FUNCTION = YES;
				GCC_WARN_UNUSED_VARIABLE = YES;
				IPHONEOS_DEPLOYMENT_TARGET = 11.0;
				MTL_ENABLE_DEBUG_INFO = YES;
				ONLY_ACTIVE_ARCH = YES;
				SDKROOT = iphoneos;
				SWIFT_ACTIVE_COMPILATION_CONDITIONS = DEBUG;
				SWIFT_OPTIMIZATION_LEVEL = "-Onone";
			};
			name = Debug;
		};
		BBEC97191F1CC30A00E4516E /* Release */ = {
			isa = XCBuildConfiguration;
			buildSettings = {
				ALWAYS_SEARCH_USER_PATHS = NO;
				CLANG_ANALYZER_NONNULL = YES;
				CLANG_ANALYZER_NUMBER_OBJECT_CONVERSION = YES_AGGRESSIVE;
				CLANG_CXX_LANGUAGE_STANDARD = "gnu++14";
				CLANG_CXX_LIBRARY = "libc++";
				CLANG_ENABLE_MODULES = YES;
				CLANG_ENABLE_OBJC_ARC = YES;
				CLANG_WARN_BLOCK_CAPTURE_AUTORELEASING = YES;
				CLANG_WARN_BOOL_CONVERSION = YES;
				CLANG_WARN_COMMA = YES;
				CLANG_WARN_CONSTANT_CONVERSION = YES;
				CLANG_WARN_DIRECT_OBJC_ISA_USAGE = YES_ERROR;
				CLANG_WARN_DOCUMENTATION_COMMENTS = YES;
				CLANG_WARN_EMPTY_BODY = YES;
				CLANG_WARN_ENUM_CONVERSION = YES;
				CLANG_WARN_INFINITE_RECURSION = YES;
				CLANG_WARN_INT_CONVERSION = YES;
				CLANG_WARN_NON_LITERAL_NULL_CONVERSION = YES;
				CLANG_WARN_OBJC_LITERAL_CONVERSION = YES;
				CLANG_WARN_OBJC_ROOT_CLASS = YES_ERROR;
				CLANG_WARN_RANGE_LOOP_ANALYSIS = YES;
				CLANG_WARN_STRICT_PROTOTYPES = YES;
				CLANG_WARN_SUSPICIOUS_MOVE = YES;
				CLANG_WARN_UNGUARDED_AVAILABILITY = YES_AGGRESSIVE;
				CLANG_WARN_UNREACHABLE_CODE = YES;
				CLANG_WARN__DUPLICATE_METHOD_MATCH = YES;
				CODE_SIGN_IDENTITY = "iPhone Developer";
				COPY_PHASE_STRIP = NO;
				DEBUG_INFORMATION_FORMAT = "dwarf-with-dsym";
				ENABLE_NS_ASSERTIONS = NO;
				ENABLE_STRICT_OBJC_MSGSEND = YES;
				GCC_C_LANGUAGE_STANDARD = gnu11;
				GCC_NO_COMMON_BLOCKS = YES;
				GCC_WARN_64_TO_32_BIT_CONVERSION = YES;
				GCC_WARN_ABOUT_RETURN_TYPE = YES_ERROR;
				GCC_WARN_UNDECLARED_SELECTOR = YES;
				GCC_WARN_UNINITIALIZED_AUTOS = YES_AGGRESSIVE;
				GCC_WARN_UNUSED_FUNCTION = YES;
				GCC_WARN_UNUSED_VARIABLE = YES;
				IPHONEOS_DEPLOYMENT_TARGET = 11.0;
				MTL_ENABLE_DEBUG_INFO = NO;
				SDKROOT = iphoneos;
				SWIFT_OPTIMIZATION_LEVEL = "-Owholemodule";
				VALIDATE_PRODUCT = YES;
			};
			name = Release;
		};
		BBEC971B1F1CC30A00E4516E /* Debug */ = {
			isa = XCBuildConfiguration;
			buildSettings = {
				ASSETCATALOG_COMPILER_APPICON_NAME = AppIcon;
				DEVELOPMENT_TEAM = T7V63TWR87;
				INFOPLIST_FILE = "Congés PROXYM group/Info.plist";
				LD_RUNPATH_SEARCH_PATHS = "$(inherited) @executable_path/Frameworks";
				PRODUCT_BUNDLE_IDENTIFIER = "com.hamza.Conge-s-PROXYM-group";
				PRODUCT_NAME = "$(TARGET_NAME)";
				SWIFT_VERSION = 4.0;
				TARGETED_DEVICE_FAMILY = "1,2";
			};
			name = Debug;
		};
		BBEC971C1F1CC30A00E4516E /* Release */ = {
			isa = XCBuildConfiguration;
			buildSettings = {
				ASSETCATALOG_COMPILER_APPICON_NAME = AppIcon;
				DEVELOPMENT_TEAM = T7V63TWR87;
				INFOPLIST_FILE = "Congés PROXYM group/Info.plist";
				LD_RUNPATH_SEARCH_PATHS = "$(inherited) @executable_path/Frameworks";
				PRODUCT_BUNDLE_IDENTIFIER = "com.hamza.Conge-s-PROXYM-group";
				PRODUCT_NAME = "$(TARGET_NAME)";
				SWIFT_VERSION = 4.0;
				TARGETED_DEVICE_FAMILY = "1,2";
			};
			name = Release;
		};
/* End XCBuildConfiguration section */

/* Begin XCConfigurationList section */
		BBEC97031F1CC30800E4516E /* Build configuration list for PBXProject "Congés PROXYM group" */ = {
			isa = XCConfigurationList;
			buildConfigurations = (
				BBEC97181F1CC30A00E4516E /* Debug */,
				BBEC97191F1CC30A00E4516E /* Release */,
			);
			defaultConfigurationIsVisible = 0;
			defaultConfigurationName = Release;
		};
		BBEC971A1F1CC30A00E4516E /* Build configuration list for PBXNativeTarget "Congés PROXYM group" */ = {
			isa = XCConfigurationList;
			buildConfigurations = (
				BBEC971B1F1CC30A00E4516E /* Debug */,
				BBEC971C1F1CC30A00E4516E /* Release */,
			);
			defaultConfigurationIsVisible = 0;
		};
/* End XCConfigurationList section */
	};
	rootObject = BBEC97001F1CC30800E4516E /* Project object */;
}
